
Microsoft Visual Studio Solution File, Format Version 11.00
# Visual Studio 2010
Project("{FAE04EC0-301F-11D3-BF4B-00C04F79EFBC}") = "Milovanova.Nsudotnet.NumberGuesser", "Milovanova.Nsudotnet.NumberGuesser\Milovanova.Nsudotnet.NumberGuesser.csproj", "{92C6E903-DA35-4799-90ED-B30F76F72B92}"
EndProject
Global
	GlobalSection(SolutionConfigurationPlatforms) = preSolution
		Debug|x86 = Debug|x86
		Release|x86 = Release|x86
	EndGlobalSection
	GlobalSection(ProjectConfigurationPlatforms) = postSolution
		{92C6E903-DA35-4799-90ED-B30F76F72B92}.Debug|x86.ActiveCfg = Debug|x86
		{92C6E903-DA35-4799-90ED-B30F76F72B92}.Debug|x86.Build.0 = Debug|x86
		{92C6E903-DA35-4799-90ED-B30F76F72B92}.Release|x86.ActiveCfg = Release|x86
		{92C6E903-DA35-4799-90ED-B30F76F72B92}.Release|x86.Build.0 = Release|x86
	EndGlobalSection
	GlobalSection(SolutionProperties) = preSolution
		HideSolutionNode = FALSE
	EndGlobalSection
EndGlobal
